
Microsoft Visual Studio Solution File, Format Version 12.00
Project("{FAE04EC0-301F-11D3-BF4B-00C04F79EFBC}") = "Project1", "Project1\Project1.csproj", "{B198C954-68D4-424F-B7AA-985A2B055E3C}"
EndProject
Global
	GlobalSection(SolutionConfigurationPlatforms) = preSolution
		Debug|Any CPU = Debug|Any CPU
		Release|Any CPU = Release|Any CPU
	EndGlobalSection
	GlobalSection(ProjectConfigurationPlatforms) = postSolution
		{B198C954-68D4-424F-B7AA-985A2B055E3C}.Debug|Any CPU.ActiveCfg = Debug|Any CPU
		{B198C954-68D4-424F-B7AA-985A2B055E3C}.Debug|Any CPU.Build.0 = Debug|Any CPU
		{B198C954-68D4-424F-B7AA-985A2B055E3C}.Release|Any CPU.ActiveCfg = Release|Any CPU
		{B198C954-68D4-424F-B7AA-985A2B055E3C}.Release|Any CPU.Build.0 = Release|Any CPU
	EndGlobalSection
EndGlobal
